
Microsoft Visual Studio Solution File, Format Version 12.00
# Visual Studio Version 17
VisualStudioVersion = 17.10.34928.147
MinimumVisualStudioVersion = 10.0.40219.1
Project("{FAE04EC0-301F-11D3-BF4B-00C04F79EFBC}") = "demo oop 4", "demo oop 4.csproj", "{6CD75154-1828-4494-A721-D038F6C6CCED}"
EndProject
Global
	GlobalSection(SolutionConfigurationPlatforms) = preSolution
		Debug|Any CPU = Debug|Any CPU
		Release|Any CPU = Release|Any CPU
	EndGlobalSection
	GlobalSection(ProjectConfigurationPlatforms) = postSolution
		{6CD75154-1828-4494-A721-D038F6C6CCED}.Debug|Any CPU.ActiveCfg = Debug|Any CPU
		{6CD75154-1828-4494-A721-D038F6C6CCED}.Debug|Any CPU.Build.0 = Debug|Any CPU
		{6CD75154-1828-4494-A721-D038F6C6CCED}.Release|Any CPU.ActiveCfg = Release|Any CPU
		{6CD75154-1828-4494-A721-D038F6C6CCED}.Release|Any CPU.Build.0 = Release|Any CPU
	EndGlobalSection
	GlobalSection(SolutionProperties) = preSolution
		HideSolutionNode = FALSE
	EndGlobalSection
	GlobalSection(ExtensibilityGlobals) = postSolution
		SolutionGuid = {C3D810F9-92D6-4C24-8EF6-5BCB14C6C887}
	EndGlobalSection
EndGlobal
